// !$*UTF8*$!
{
	archiveVersion = 1;
	classes = {
	};
	objectVersion = 50;
	objects = {

/* Begin PBXBuildFile section */
		1E1DD8B423663F9E0039A8E2 /* AppDelegate.swift in Sources */ = {isa = PBXBuildFile; fileRef = 1E1DD8B323663F9E0039A8E2 /* AppDelegate.swift */; };
		1E1DD8B623663F9E0039A8E2 /* SceneDelegate.swift in Sources */ = {isa = PBXBuildFile; fileRef = 1E1DD8B523663F9E0039A8E2 /* SceneDelegate.swift */; };
		1E1DD8B823663F9E0039A8E2 /* ContentView.swift in Sources */ = {isa = PBXBuildFile; fileRef = 1E1DD8B723663F9E0039A8E2 /* ContentView.swift */; };
		1E1DD8BA23663FA10039A8E2 /* Assets.xcassets in Resources */ = {isa = PBXBuildFile; fileRef = 1E1DD8B923663FA10039A8E2 /* Assets.xcassets */; };
		1E1DD8BD23663FA10039A8E2 /* Preview Assets.xcassets in Resources */ = {isa = PBXBuildFile; fileRef = 1E1DD8BC23663FA10039A8E2 /* Preview Assets.xcassets */; };
		1E1DD8C023663FA10039A8E2 /* LaunchScreen.storyboard in Resources */ = {isa = PBXBuildFile; fileRef = 1E1DD8BE23663FA10039A8E2 /* LaunchScreen.storyboard */; };
/* End PBXBuildFile section */

/* Begin PBXFileReference section */
		1E1DD8B023663F9E0039A8E2 /* ddr.app */ = {isa = PBXFileReference; explicitFileType = wrapper.application; includeInIndex = 0; path = ddr.app; sourceTree = BUILT_PRODUCTS_DIR; };
		1E1DD8B323663F9E0039A8E2 /* AppDelegate.swift */ = {isa = PBXFileReference; lastKnownFileType = sourcecode.swift; path = AppDelegate.swift; sourceTree = "<group>"; };
		1E1DD8B523663F9E0039A8E2 /* SceneDelegate.swift */ = {isa = PBXFileReference; lastKnownFileType = sourcecode.swift; path = SceneDelegate.swift; sourceTree = "<group>"; };
		1E1DD8B723663F9E0039A8E2 /* ContentView.swift */ = {isa = PBXFileReference; lastKnownFileType = sourcecode.swift; path = ContentView.swift; sourceTree = "<group>"; };
		1E1DD8B923663FA10039A8E2 /* Assets.xcassets */ = {isa = PBXFileReference; lastKnownFileType = folder.assetcatalog; path = Assets.xcassets; sourceTree = "<group>"; };
		1E1DD8BC23663FA10039A8E2 /* Preview Assets.xcassets */ = {isa = PBXFileReference; lastKnownFileType = folder.assetcatalog; path = "Preview Assets.xcassets"; sourceTree = "<group>"; };
		1E1DD8BF23663FA10039A8E2 /* Base */ = {isa = PBXFileReference; lastKnownFileType = file.storyboard; name = Base; path = Base.lproj/LaunchScreen.storyboard; sourceTree = "<group>"; };
		1E1DD8C123663FA10039A8E2 /* Info.plist */ = {isa = PBXFileReference; lastKnownFileType = text.plist.xml; path = Info.plist; sourceTree = "<group>"; };
/* End PBXFileReference section */

/* Begin PBXFrameworksBuildPhase section */
		1E1DD8AD23663F9E0039A8E2 /* Frameworks */ = {
			isa = PBXFrameworksBuildPhase;
			buildActionMask = 2147483647;
			files = (
			);
			runOnlyForDeploymentPostprocessing = 0;
		};
/* End PBXFrameworksBuildPhase section */

/* Begin PBXGroup section */
		1E1DD8A723663F9E0039A8E2 = {
			isa = PBXGroup;
			children = (
				1E1DD8B223663F9E0039A8E2 /* ddr */,
				1E1DD8B123663F9E0039A8E2 /* Products */,
			);
			sourceTree = "<group>";
		};
		1E1DD8B123663F9E0039A8E2 /* Products */ = {
			isa = PBXGroup;
			children = (
				1E1DD8B023663F9E0039A8E2 /* ddr.app */,
			);
			name = Products;
			sourceTree = "<group>";
		};
		1E1DD8B223663F9E0039A8E2 /* ddr */ = {
			isa = PBXGroup;
			children = (
				1E1DD8B323663F9E0039A8E2 /* AppDelegate.swift */,
				1E1DD8B523663F9E0039A8E2 /* SceneDelegate.swift */,
				1E1DD8B723663F9E0039A8E2 /* ContentView.swift */,
				1E1DD8B923663FA10039A8E2 /* Assets.xcassets */,
				1E1DD8BE23663FA10039A8E2 /* LaunchScreen.storyboard */,
				1E1DD8C123663FA10039A8E2 /* Info.plist */,
				1E1DD8BB23663FA10039A8E2 /* Preview Content */,
			);
			path = ddr;
			sourceTree = "<group>";
		};
		1E1DD8BB23663FA10039A8E2 /* Preview Content */ = {
			isa = PBXGroup;
			children = (
				1E1DD8BC23663FA10039A8E2 /* Preview Assets.xcassets */,
			);
			path = "Preview Content";
			sourceTree = "<group>";
		};
/* End PBXGroup section */

/* Begin PBXNativeTarget section */
		1E1DD8AF23663F9E0039A8E2 /* ddr */ = {
			isa = PBXNativeTarget;
			buildConfigurationList = 1E1DD8C423663FA10039A8E2 /* Build configuration list for PBXNativeTarget "ddr" */;
			buildPhases = (
				1E1DD8AC23663F9E0039A8E2 /* Sources */,
				1E1DD8AD23663F9E0039A8E2 /* Frameworks */,
				1E1DD8AE23663F9E0039A8E2 /* Resources */,
			);
			buildRules = (
			);
			dependencies = (
			);
			name = ddr;
			productName = ddr;
			productReference = 1E1DD8B023663F9E0039A8E2 /* ddr.app */;
			productType = "com.apple.product-type.application";
		};
/* End PBXNativeTarget section */

/* Begin PBXProject section */
		1E1DD8A823663F9E0039A8E2 /* Project object */ = {
			isa = PBXProject;
			attributes = {
				LastSwiftUpdateCheck = 1110;
				LastUpgradeCheck = 1110;
				ORGANIZATIONNAME = "Three Blind Mice";
				TargetAttributes = {
					1E1DD8AF23663F9E0039A8E2 = {
						CreatedOnToolsVersion = 11.1;
					};
				};
			};
			buildConfigurationList = 1E1DD8AB23663F9E0039A8E2 /* Build configuration list for PBXProject "ddr" */;
			compatibilityVersion = "Xcode 9.3";
			developmentRegion = en;
			hasScannedForEncodings = 0;
			knownRegions = (
				en,
				Base,
			);
			mainGroup = 1E1DD8A723663F9E0039A8E2;
			productRefGroup = 1E1DD8B123663F9E0039A8E2 /* Products */;
			projectDirPath = "";
			projectRoot = "";
			targets = (
				1E1DD8AF23663F9E0039A8E2 /* ddr */,
			);
		};
/* End PBXProject section */

/* Begin PBXResourcesBuildPhase section */
		1E1DD8AE23663F9E0039A8E2 /* Resources */ = {
			isa = PBXResourcesBuildPhase;
			buildActionMask = 2147483647;
			files = (
				1E1DD8C023663FA10039A8E2 /* LaunchScreen.storyboard in Resources */,
				1E1DD8BD23663FA10039A8E2 /* Preview Assets.xcassets in Resources */,
				1E1DD8BA23663FA10039A8E2 /* Assets.xcassets in Resources */,
			);
			runOnlyForDeploymentPostprocessing = 0;
		};
/* End PBXResourcesBuildPhase section */

/* Begin PBXSourcesBuildPhase section */
		1E1DD8AC23663F9E0039A8E2 /* Sources */ = {
			isa = PBXSourcesBuildPhase;
			buildActionMask = 2147483647;
			files = (
				1E1DD8B423663F9E0039A8E2 /* AppDelegate.swift in Sources */,
				1E1DD8B623663F9E0039A8E2 /* SceneDelegate.swift in Sources */,
				1E1DD8B823663F9E0039A8E2 /* ContentView.swift in Sources */,
			);
			runOnlyForDeploymentPostprocessing = 0;
		};
/* End PBXSourcesBuildPhase section */

/* Begin PBXVariantGroup section */
		1E1DD8BE23663FA10039A8E2 /* LaunchScreen.storyboard */ = {
			isa = PBXVariantGroup;
			children = (
				1E1DD8BF23663FA10039A8E2 /* Base */,
			);
			name = LaunchScreen.storyboard;
			sourceTree = "<group>";
		};
/* End PBXVariantGroup section */

/* Begin XCBuildConfiguration section */
		1E1DD8C223663FA10039A8E2 /* Debug */ = {
			isa = XCBuildConfiguration;
			buildSettings = {
				ALWAYS_SEARCH_USER_PATHS = NO;
				CLANG_ANALYZER_NONNULL = YES;
				CLANG_ANALYZER_NUMBER_OBJECT_CONVERSION = YES_AGGRESSIVE;
				CLANG_CXX_LANGUAGE_STANDARD = "gnu++14";
				CLANG_CXX_LIBRARY = "libc++";
				CLANG_ENABLE_MODULES = YES;
				CLANG_ENABLE_OBJC_ARC = YES;
				CLANG_ENABLE_OBJC_WEAK = YES;
				CLANG_WARN_BLOCK_CAPTURE_AUTORELEASING = YES;
				CLANG_WARN_BOOL_CONVERSION = YES;
				CLANG_WARN_COMMA = YES;
				CLANG_WARN_CONSTANT_CONVERSION = YES;
				CLANG_WARN_DEPRECATED_OBJC_IMPLEMENTATIONS = YES;
				CLANG_WARN_DIRECT_OBJC_ISA_USAGE = YES_ERROR;
				CLANG_WARN_DOCUMENTATION_COMMENTS = YES;
				CLANG_WARN_EMPTY_BODY = YES;
				CLANG_WARN_ENUM_CONVERSION = YES;
				CLANG_WARN_INFINITE_RECURSION = YES;
				CLANG_WARN_INT_CONVERSION = YES;
				CLANG_WARN_NON_LITERAL_NULL_CONVERSION = YES;
				CLANG_WARN_OBJC_IMPLICIT_RETAIN_SELF = YES;
				CLANG_WARN_OBJC_LITERAL_CONVERSION = YES;
				CLANG_WARN_OBJC_ROOT_CLASS = YES_ERROR;
				CLANG_WARN_RANGE_LOOP_ANALYSIS = YES;
				CLANG_WARN_STRICT_PROTOTYPES = YES;
				CLANG_WARN_SUSPICIOUS_MOVE = YES;
				CLANG_WARN_UNGUARDED_AVAILABILITY = YES_AGGRESSIVE;
				CLANG_WARN_UNREACHABLE_CODE = YES;
				CLANG_WARN__DUPLICATE_METHOD_MATCH = YES;
				COPY_PHASE_STRIP = NO;
				DEBUG_INFORMATION_FORMAT = dwarf;
				ENABLE_STRICT_OBJC_MSGSEND = YES;
				ENABLE_TESTABILITY = YES;
				GCC_C_LANGUAGE_STANDARD = gnu11;
				GCC_DYNAMIC_NO_PIC = NO;
				GCC_NO_COMMON_BLOCKS = YES;
				GCC_OPTIMIZATION_LEVEL = 0;
				GCC_PREPROCESSOR_DEFINITIONS = (
					"DEBUG=1",
					"$(inherited)",
				);
				GCC_WARN_64_TO_32_BIT_CONVERSION = YES;
				GCC_WARN_ABOUT_RETURN_TYPE = YES_ERROR;
				GCC_WARN_UNDECLARED_SELECTOR = YES;
				GCC_WARN_UNINITIALIZED_AUTOS = YES_AGGRESSIVE;
				GCC_WARN_UNUSED_FUNCTION = YES;
				GCC_WARN_UNUSED_VARIABLE = YES;
				IPHONEOS_DEPLOYMENT_TARGET = 13.1;
				MTL_ENABLE_DEBUG_INFO = INCLUDE_SOURCE;
				MTL_FAST_MATH = YES;
				ONLY_ACTIVE_ARCH = YES;
				SDKROOT = iphoneos;
				SWIFT_ACTIVE_COMPILATION_CONDITIONS = DEBUG;
				SWIFT_OPTIMIZATION_LEVEL = "-Onone";
			};
			name = Debug;
		};
		1E1DD8C323663FA10039A8E2 /* Release */ = {
			isa = XCBuildConfiguration;
			buildSettings = {
				ALWAYS_SEARCH_USER_PATHS = NO;
				CLANG_ANALYZER_NONNULL = YES;
				CLANG_ANALYZER_NUMBER_OBJECT_CONVERSION = YES_AGGRESSIVE;
				CLANG_CXX_LANGUAGE_STANDARD = "gnu++14";
				CLANG_CXX_LIBRARY = "libc++";
				CLANG_ENABLE_MODULES = YES;
				CLANG_ENABLE_OBJC_ARC = YES;
				CLANG_ENABLE_OBJC_WEAK = YES;
				CLANG_WARN_BLOCK_CAPTURE_AUTORELEASING = YES;
				CLANG_WARN_BOOL_CONVERSION = YES;
				CLANG_WARN_COMMA = YES;
				CLANG_WARN_CONSTANT_CONVERSION = YES;
				CLANG_WARN_DEPRECATED_OBJC_IMPLEMENTATIONS = YES;
				CLANG_WARN_DIRECT_OBJC_ISA_USAGE = YES_ERROR;
				CLANG_WARN_DOCUMENTATION_COMMENTS = YES;
				CLANG_WARN_EMPTY_BODY = YES;
				CLANG_WARN_ENUM_CONVERSION = YES;
				CLANG_WARN_INFINITE_RECURSION = YES;
				CLANG_WARN_INT_CONVERSION = YES;
				CLANG_WARN_NON_LITERAL_NULL_CONVERSION = YES;
				CLANG_WARN_OBJC_IMPLICIT_RETAIN_SELF = YES;
				CLANG_WARN_OBJC_LITERAL_CONVERSION = YES;
				CLANG_WARN_OBJC_ROOT_CLASS = YES_ERROR;
				CLANG_WARN_RANGE_LOOP_ANALYSIS = YES;
				CLANG_WARN_STRICT_PROTOTYPES = YES;
				CLANG_WARN_SUSPICIOUS_MOVE = YES;
				CLANG_WARN_UNGUARDED_AVAILABILITY = YES_AGGRESSIVE;
				CLANG_WARN_UNREACHABLE_CODE = YES;
				CLANG_WARN__DUPLICATE_METHOD_MATCH = YES;
				COPY_PHASE_STRIP = NO;
				DEBUG_INFORMATION_FORMAT = "dwarf-with-dsym";
				ENABLE_NS_ASSERTIONS = NO;
				ENABLE_STRICT_OBJC_MSGSEND = YES;
				GCC_C_LANGUAGE_STANDARD = gnu11;
				GCC_NO_COMMON_BLOCKS = YES;
				GCC_WARN_64_TO_32_BIT_CONVERSION = YES;
				GCC_WARN_ABOUT_RETURN_TYPE = YES_ERROR;
				GCC_WARN_UNDECLARED_SELECTOR = YES;
				GCC_WARN_UNINITIALIZED_AUTOS = YES_AGGRESSIVE;
				GCC_WARN_UNUSED_FUNCTION = YES;
				GCC_WARN_UNUSED_VARIABLE = YES;
				IPHONEOS_DEPLOYMENT_TARGET = 13.1;
				MTL_ENABLE_DEBUG_INFO = NO;
				MTL_FAST_MATH = YES;
				SDKROOT = iphoneos;
				SWIFT_COMPILATION_MODE = wholemodule;
				SWIFT_OPTIMIZATION_LEVEL = "-O";
				VALIDATE_PRODUCT = YES;
			};
			name = Release;
		};
		1E1DD8C523663FA10039A8E2 /* Debug */ = {
			isa = XCBuildConfiguration;
			buildSettings = {
				ASSETCATALOG_COMPILER_APPICON_NAME = AppIcon;
				CODE_SIGN_STYLE = Automatic;
				DEVELOPMENT_ASSET_PATHS = "\"ddr/Preview Content\"";
				ENABLE_PREVIEWS = YES;
				INFOPLIST_FILE = ddr/Info.plist;
				LD_RUNPATH_SEARCH_PATHS = (
					"$(inherited)",
					"@executable_path/Frameworks",
				);
				PRODUCT_BUNDLE_IDENTIFIER = tbm.ddr;
				PRODUCT_NAME = "$(TARGET_NAME)";
				SWIFT_VERSION = 5.0;
				TARGETED_DEVICE_FAMILY = "1,2";
			};
			name = Debug;
		};
		1E1DD8C623663FA10039A8E2 /* Release */ = {
			isa = XCBuildConfiguration;
			buildSettings = {
				ASSETCATALOG_COMPILER_APPICON_NAME = AppIcon;
				CODE_SIGN_STYLE = Automatic;
				DEVELOPMENT_ASSET_PATHS = "\"ddr/Preview Content\"";
				ENABLE_PREVIEWS = YES;
				INFOPLIST_FILE = ddr/Info.plist;
				LD_RUNPATH_SEARCH_PATHS = (
					"$(inherited)",
					"@executable_path/Frameworks",
				);
				PRODUCT_BUNDLE_IDENTIFIER = tbm.ddr;
				PRODUCT_NAME = "$(TARGET_NAME)";
				SWIFT_VERSION = 5.0;
				TARGETED_DEVICE_FAMILY = "1,2";
			};
			name = Release;
		};
/* End XCBuildConfiguration section */

/* Begin XCConfigurationList section */
		1E1DD8AB23663F9E0039A8E2 /* Build configuration list for PBXProject "ddr" */ = {
			isa = XCConfigurationList;
			buildConfigurations = (
				1E1DD8C223663FA10039A8E2 /* Debug */,
				1E1DD8C323663FA10039A8E2 /* Release */,
			);
			defaultConfigurationIsVisible = 0;
			defaultConfigurationName = Release;
		};
		1E1DD8C423663FA10039A8E2 /* Build configuration list for PBXNativeTarget "ddr" */ = {
			isa = XCConfigurationList;
			buildConfigurations = (
				1E1DD8C523663FA10039A8E2 /* Debug */,
				1E1DD8C623663FA10039A8E2 /* Release */,
			);
			defaultConfigurationIsVisible = 0;
			defaultConfigurationName = Release;
		};
/* End XCConfigurationList section */
	};
	rootObject = 1E1DD8A823663F9E0039A8E2 /* Project object */;
}
