// !$*UTF8*$!
{
	archiveVersion = 1;
	classes = {
	};
	objectVersion = 50;
	objects = {

/* Begin PBXBuildFile section */
		1E23DB8A237A2C84008B8711 /* TutorialImage.swift in Sources */ = {isa = PBXBuildFile; fileRef = 1E23DB89237A2C84008B8711 /* TutorialImage.swift */; };
		1E2B5CC923898C68007D029C /* Flashlight.swift in Sources */ = {isa = PBXBuildFile; fileRef = 1E2B5CC823898C68007D029C /* Flashlight.swift */; };
		1E4487A4236E29BB0080AA21 /* AppDelegate.swift in Sources */ = {isa = PBXBuildFile; fileRef = 1E4487A3236E29BB0080AA21 /* AppDelegate.swift */; };
		1E4487AA236E29BB0080AA21 /* GameScene.swift in Sources */ = {isa = PBXBuildFile; fileRef = 1E4487A9236E29BB0080AA21 /* GameScene.swift */; };
		1E4487AC236E29BB0080AA21 /* GameViewController.swift in Sources */ = {isa = PBXBuildFile; fileRef = 1E4487AB236E29BB0080AA21 /* GameViewController.swift */; };
		1E4487AF236E29BB0080AA21 /* Main.storyboard in Resources */ = {isa = PBXBuildFile; fileRef = 1E4487AD236E29BB0080AA21 /* Main.storyboard */; };
		1E4487B1236E29BC0080AA21 /* Assets.xcassets in Resources */ = {isa = PBXBuildFile; fileRef = 1E4487B0236E29BC0080AA21 /* Assets.xcassets */; };
		1E4487B4236E29BC0080AA21 /* LaunchScreen.storyboard in Resources */ = {isa = PBXBuildFile; fileRef = 1E4487B2236E29BC0080AA21 /* LaunchScreen.storyboard */; };
		1E4487BF236E29BC0080AA21 /* ddrTests.swift in Sources */ = {isa = PBXBuildFile; fileRef = 1E4487BE236E29BC0080AA21 /* ddrTests.swift */; };
		1E4487CA236E29BC0080AA21 /* ddrUITests.swift in Sources */ = {isa = PBXBuildFile; fileRef = 1E4487C9236E29BC0080AA21 /* ddrUITests.swift */; };
		1E4487EE236E2A8C0080AA21 /* Bat.swift in Sources */ = {isa = PBXBuildFile; fileRef = 1E4487E9236E2A8C0080AA21 /* Bat.swift */; };
		1E4487F1236E2A8C0080AA21 /* Rider.swift in Sources */ = {isa = PBXBuildFile; fileRef = 1E4487EA236E2A8C0080AA21 /* Rider.swift */; };
		1E4487F4236E2A8C0080AA21 /* AudioManager.swift in Sources */ = {isa = PBXBuildFile; fileRef = 1E4487EC236E2A8C0080AA21 /* AudioManager.swift */; };
		1E4487F7236E2A8C0080AA21 /* Emitter.swift in Sources */ = {isa = PBXBuildFile; fileRef = 1E4487ED236E2A8C0080AA21 /* Emitter.swift */; };
		1E4487FB236E2B530080AA21 /* StartGameScene.swift in Sources */ = {isa = PBXBuildFile; fileRef = 1E4487FA236E2B530080AA21 /* StartGameScene.swift */; };
		1E448800236E2D880080AA21 /* beep.mp3 in Resources */ = {isa = PBXBuildFile; fileRef = 1E4487FF236E2D880080AA21 /* beep.mp3 */; };
		1E448801236E2D880080AA21 /* beep.mp3 in Resources */ = {isa = PBXBuildFile; fileRef = 1E4487FF236E2D880080AA21 /* beep.mp3 */; };
		1E448802236E2D880080AA21 /* beep.mp3 in Resources */ = {isa = PBXBuildFile; fileRef = 1E4487FF236E2D880080AA21 /* beep.mp3 */; };
		1E6435AA2370DCBD00851B2A /* impact-kick.wav in Resources */ = {isa = PBXBuildFile; fileRef = 1E6435A92370DCBD00851B2A /* impact-kick.wav */; };
		1E9161612394D38300FCCE76 /* PlayerData.swift in Sources */ = {isa = PBXBuildFile; fileRef = 1E9161602394D38300FCCE76 /* PlayerData.swift */; };
		1E9CC9132374A6580015D6FC /* GameOverScene.swift in Sources */ = {isa = PBXBuildFile; fileRef = 1E9CC9122374A6580015D6FC /* GameOverScene.swift */; };
		1EDB4F9223A2E1CA0043C8D1 /* Stars.swift in Sources */ = {isa = PBXBuildFile; fileRef = 1EDB4F9123A2E1CA0043C8D1 /* Stars.swift */; };
		2C9A7F21237906AA00C01E6D /* background.swift in Sources */ = {isa = PBXBuildFile; fileRef = 2C9A7F20237906AA00C01E6D /* background.swift */; };
		2C9C0190238C2F54006EF685 /* BatteryBar.swift in Sources */ = {isa = PBXBuildFile; fileRef = 2C9C018F238C2F54006EF685 /* BatteryBar.swift */; };
		2CE73FD52389C5C9008EA915 /* Cart.swift in Sources */ = {isa = PBXBuildFile; fileRef = 2CE73FD42389C5C9008EA915 /* Cart.swift */; };
		4D1AC78F23970D55004D6FC6 /* StandardLevelTest.swift in Sources */ = {isa = PBXBuildFile; fileRef = 4D1AC78E23970D55004D6FC6 /* StandardLevelTest.swift */; };
		4D1AC79123971526004D6FC6 /* TrainingLevelTest.swift in Sources */ = {isa = PBXBuildFile; fileRef = 4D1AC79023971526004D6FC6 /* TrainingLevelTest.swift */; };
		4D1AC79323971D79004D6FC6 /* SpawnerTest.swift in Sources */ = {isa = PBXBuildFile; fileRef = 4D1AC79223971D79004D6FC6 /* SpawnerTest.swift */; };
		4D1AC795239721A1004D6FC6 /* OncomerStepTest.swift in Sources */ = {isa = PBXBuildFile; fileRef = 4D1AC794239721A1004D6FC6 /* OncomerStepTest.swift */; };
		4D1AC797239749BA004D6FC6 /* EffectTests.swift in Sources */ = {isa = PBXBuildFile; fileRef = 4D1AC796239749BA004D6FC6 /* EffectTests.swift */; };
		4D1AC79923974A67004D6FC6 /* OncomerTest.swift in Sources */ = {isa = PBXBuildFile; fileRef = 4D1AC79823974A67004D6FC6 /* OncomerTest.swift */; };
		4D3801C82371FBE80081D336 /* RiderTest.swift in Sources */ = {isa = PBXBuildFile; fileRef = 4D3801C72371FBE80081D336 /* RiderTest.swift */; };
		4D3801CA237320FF0081D336 /* swoosh.mp3 in Resources */ = {isa = PBXBuildFile; fileRef = 4D3801C9237320FF0081D336 /* swoosh.mp3 */; };
		4D3801CE2373255D0081D336 /* tracks.mp3 in Resources */ = {isa = PBXBuildFile; fileRef = 4D3801CD2373255C0081D336 /* tracks.mp3 */; };
		4D70AEC623A1DFB0006102BD /* PressStart2P-Regular.ttf in Resources */ = {isa = PBXBuildFile; fileRef = 4D70AEC523A1DF9C006102BD /* PressStart2P-Regular.ttf */; };
		4D76EBD2239F314F00D1E98C /* Heart.swift in Sources */ = {isa = PBXBuildFile; fileRef = 4D76EBD1239F314F00D1E98C /* Heart.swift */; };
		4D76EBD4239F396700D1E98C /* GainLifeEffect.swift in Sources */ = {isa = PBXBuildFile; fileRef = 4D76EBD3239F396700D1E98C /* GainLifeEffect.swift */; };
		4D76EBD723A1917D00D1E98C /* charge.wav in Resources */ = {isa = PBXBuildFile; fileRef = 4D76EBD523A1917C00D1E98C /* charge.wav */; };
		4D76EBD823A1917D00D1E98C /* shorter_electricity.mp3 in Resources */ = {isa = PBXBuildFile; fileRef = 4D76EBD623A1917C00D1E98C /* shorter_electricity.mp3 */; };
		4D76EBDA23A1942300D1E98C /* gain-life.flac in Resources */ = {isa = PBXBuildFile; fileRef = 4D76EBD923A1942300D1E98C /* gain-life.flac */; };
		4DAAF731239EB6C000507BA5 /* Battery.swift in Sources */ = {isa = PBXBuildFile; fileRef = 4DAAF730239EB6C000507BA5 /* Battery.swift */; };
		4DAAF734239EBB3E00507BA5 /* electricity.mp3 in Resources */ = {isa = PBXBuildFile; fileRef = 4DAAF732239EBB3E00507BA5 /* electricity.mp3 */; };
		4DAAF735239EBB3E00507BA5 /* charge.mp3 in Resources */ = {isa = PBXBuildFile; fileRef = 4DAAF733239EBB3E00507BA5 /* charge.mp3 */; };
		4DAAF737239EEAA800507BA5 /* ChargeEffect.swift in Sources */ = {isa = PBXBuildFile; fileRef = 4DAAF736239EEAA800507BA5 /* ChargeEffect.swift */; };
		4DB216FF2380E25300D4EDFC /* Oncomer.swift in Sources */ = {isa = PBXBuildFile; fileRef = 4DB216FE2380E25300D4EDFC /* Oncomer.swift */; };
		4DB217012380E68000D4EDFC /* Spawner.swift in Sources */ = {isa = PBXBuildFile; fileRef = 4DB217002380E68000D4EDFC /* Spawner.swift */; };
		4DB217042384753B00D4EDFC /* Level.swift in Sources */ = {isa = PBXBuildFile; fileRef = 4DB217032384753B00D4EDFC /* Level.swift */; };
		4DB21706238478F900D4EDFC /* StandardLevel.swift in Sources */ = {isa = PBXBuildFile; fileRef = 4DB21705238478F900D4EDFC /* StandardLevel.swift */; };
		4DB217092385C7D900D4EDFC /* Effect.swift in Sources */ = {isa = PBXBuildFile; fileRef = 4DB217082385C7D900D4EDFC /* Effect.swift */; };
		4DB2170B2385C87100D4EDFC /* SoundEffect.swift in Sources */ = {isa = PBXBuildFile; fileRef = 4DB2170A2385C87100D4EDFC /* SoundEffect.swift */; };
		4DB2170D2386283A00D4EDFC /* KillOncomerEffect.swift in Sources */ = {isa = PBXBuildFile; fileRef = 4DB2170C2386283A00D4EDFC /* KillOncomerEffect.swift */; };
		4DB2170F2386F97700D4EDFC /* LoseLifeEffect.swift in Sources */ = {isa = PBXBuildFile; fileRef = 4DB2170E2386F97700D4EDFC /* LoseLifeEffect.swift */; };
		4DB2171123875D3100D4EDFC /* HideEffect.swift in Sources */ = {isa = PBXBuildFile; fileRef = 4DB2171023875D3100D4EDFC /* HideEffect.swift */; };
		4DB21713238B216900D4EDFC /* TrainingLevel.swift in Sources */ = {isa = PBXBuildFile; fileRef = 4DB21712238B216900D4EDFC /* TrainingLevel.swift */; };
		4DB21715238B22B300D4EDFC /* TrainingStep.swift in Sources */ = {isa = PBXBuildFile; fileRef = 4DB21714238B22B300D4EDFC /* TrainingStep.swift */; };
		4DB21717238B31FD00D4EDFC /* MessageStep.swift in Sources */ = {isa = PBXBuildFile; fileRef = 4DB21716238B31FD00D4EDFC /* MessageStep.swift */; };
		4DB2171B238B448700D4EDFC /* OncomerStep.swift in Sources */ = {isa = PBXBuildFile; fileRef = 4DB2171A238B448700D4EDFC /* OncomerStep.swift */; };
		4DCF0A5A2394A2AB000448E6 /* ScoreEffect.swift in Sources */ = {isa = PBXBuildFile; fileRef = 4DCF0A592394A2AB000448E6 /* ScoreEffect.swift */; };
		4DE33443236F8A5000A179DB /* BatTest.swift in Sources */ = {isa = PBXBuildFile; fileRef = 4DE33442236F8A5000A179DB /* BatTest.swift */; };
		4DE33447236F953700A179DB /* AudioManagerTest.swift in Sources */ = {isa = PBXBuildFile; fileRef = 4DE33446236F953700A179DB /* AudioManagerTest.swift */; };
		4DE3344A236F9A5000A179DB /* singleFlap.mp3 in Resources */ = {isa = PBXBuildFile; fileRef = 4DE33440236E5DAC00A179DB /* singleFlap.mp3 */; };
/* End PBXBuildFile section */

/* Begin PBXContainerItemProxy section */
		1E4487BB236E29BC0080AA21 /* PBXContainerItemProxy */ = {
			isa = PBXContainerItemProxy;
			containerPortal = 1E448798236E29BB0080AA21 /* Project object */;
			proxyType = 1;
			remoteGlobalIDString = 1E44879F236E29BB0080AA21;
			remoteInfo = ddr;
		};
		1E4487C6236E29BC0080AA21 /* PBXContainerItemProxy */ = {
			isa = PBXContainerItemProxy;
			containerPortal = 1E448798236E29BB0080AA21 /* Project object */;
			proxyType = 1;
			remoteGlobalIDString = 1E44879F236E29BB0080AA21;
			remoteInfo = ddr;
		};
/* End PBXContainerItemProxy section */

/* Begin PBXFileReference section */
		1E23DB89237A2C84008B8711 /* TutorialImage.swift */ = {isa = PBXFileReference; lastKnownFileType = sourcecode.swift; path = TutorialImage.swift; sourceTree = "<group>"; };
		1E2B5CC823898C68007D029C /* Flashlight.swift */ = {isa = PBXFileReference; lastKnownFileType = sourcecode.swift; path = Flashlight.swift; sourceTree = "<group>"; };
		1E4487A0236E29BB0080AA21 /* ddr.app */ = {isa = PBXFileReference; explicitFileType = wrapper.application; includeInIndex = 0; path = ddr.app; sourceTree = BUILT_PRODUCTS_DIR; };
		1E4487A3236E29BB0080AA21 /* AppDelegate.swift */ = {isa = PBXFileReference; lastKnownFileType = sourcecode.swift; path = AppDelegate.swift; sourceTree = "<group>"; };
		1E4487A9236E29BB0080AA21 /* GameScene.swift */ = {isa = PBXFileReference; lastKnownFileType = sourcecode.swift; path = GameScene.swift; sourceTree = "<group>"; };
		1E4487AB236E29BB0080AA21 /* GameViewController.swift */ = {isa = PBXFileReference; lastKnownFileType = sourcecode.swift; path = GameViewController.swift; sourceTree = "<group>"; };
		1E4487AE236E29BB0080AA21 /* Base */ = {isa = PBXFileReference; lastKnownFileType = file.storyboard; name = Base; path = Base.lproj/Main.storyboard; sourceTree = "<group>"; };
		1E4487B0236E29BC0080AA21 /* Assets.xcassets */ = {isa = PBXFileReference; lastKnownFileType = folder.assetcatalog; path = Assets.xcassets; sourceTree = "<group>"; };
		1E4487B3236E29BC0080AA21 /* Base */ = {isa = PBXFileReference; lastKnownFileType = file.storyboard; name = Base; path = Base.lproj/LaunchScreen.storyboard; sourceTree = "<group>"; };
		1E4487B5236E29BC0080AA21 /* Info.plist */ = {isa = PBXFileReference; lastKnownFileType = text.plist.xml; path = Info.plist; sourceTree = "<group>"; };
		1E4487BA236E29BC0080AA21 /* ddrTests.xctest */ = {isa = PBXFileReference; explicitFileType = wrapper.cfbundle; includeInIndex = 0; path = ddrTests.xctest; sourceTree = BUILT_PRODUCTS_DIR; };
		1E4487BE236E29BC0080AA21 /* ddrTests.swift */ = {isa = PBXFileReference; lastKnownFileType = sourcecode.swift; path = ddrTests.swift; sourceTree = "<group>"; };
		1E4487C0236E29BC0080AA21 /* Info.plist */ = {isa = PBXFileReference; lastKnownFileType = text.plist.xml; path = Info.plist; sourceTree = "<group>"; };
		1E4487C5236E29BC0080AA21 /* ddrUITests.xctest */ = {isa = PBXFileReference; explicitFileType = wrapper.cfbundle; includeInIndex = 0; path = ddrUITests.xctest; sourceTree = BUILT_PRODUCTS_DIR; };
		1E4487C9236E29BC0080AA21 /* ddrUITests.swift */ = {isa = PBXFileReference; lastKnownFileType = sourcecode.swift; path = ddrUITests.swift; sourceTree = "<group>"; };
		1E4487CB236E29BC0080AA21 /* Info.plist */ = {isa = PBXFileReference; lastKnownFileType = text.plist.xml; path = Info.plist; sourceTree = "<group>"; };
		1E4487E9236E2A8C0080AA21 /* Bat.swift */ = {isa = PBXFileReference; fileEncoding = 4; lastKnownFileType = sourcecode.swift; path = Bat.swift; sourceTree = "<group>"; };
		1E4487EA236E2A8C0080AA21 /* Rider.swift */ = {isa = PBXFileReference; fileEncoding = 4; lastKnownFileType = sourcecode.swift; path = Rider.swift; sourceTree = "<group>"; };
		1E4487EC236E2A8C0080AA21 /* AudioManager.swift */ = {isa = PBXFileReference; fileEncoding = 4; lastKnownFileType = sourcecode.swift; path = AudioManager.swift; sourceTree = "<group>"; };
		1E4487ED236E2A8C0080AA21 /* Emitter.swift */ = {isa = PBXFileReference; fileEncoding = 4; lastKnownFileType = sourcecode.swift; path = Emitter.swift; sourceTree = "<group>"; };
		1E4487FA236E2B530080AA21 /* StartGameScene.swift */ = {isa = PBXFileReference; lastKnownFileType = sourcecode.swift; path = StartGameScene.swift; sourceTree = "<group>"; };
		1E4487FF236E2D880080AA21 /* beep.mp3 */ = {isa = PBXFileReference; lastKnownFileType = audio.mp3; path = beep.mp3; sourceTree = "<group>"; };
		1E6435A92370DCBD00851B2A /* impact-kick.wav */ = {isa = PBXFileReference; lastKnownFileType = audio.wav; path = "impact-kick.wav"; sourceTree = "<group>"; };
		1E9161602394D38300FCCE76 /* PlayerData.swift */ = {isa = PBXFileReference; lastKnownFileType = sourcecode.swift; path = PlayerData.swift; sourceTree = "<group>"; };
		1E9CC9122374A6580015D6FC /* GameOverScene.swift */ = {isa = PBXFileReference; lastKnownFileType = sourcecode.swift; path = GameOverScene.swift; sourceTree = "<group>"; };
		1EDB4F9123A2E1CA0043C8D1 /* Stars.swift */ = {isa = PBXFileReference; lastKnownFileType = sourcecode.swift; path = Stars.swift; sourceTree = "<group>"; };
		2C9A7F20237906AA00C01E6D /* background.swift */ = {isa = PBXFileReference; lastKnownFileType = sourcecode.swift; path = background.swift; sourceTree = "<group>"; };
		2C9C018F238C2F54006EF685 /* BatteryBar.swift */ = {isa = PBXFileReference; lastKnownFileType = sourcecode.swift; path = BatteryBar.swift; sourceTree = "<group>"; };
		2CE73FD42389C5C9008EA915 /* Cart.swift */ = {isa = PBXFileReference; lastKnownFileType = sourcecode.swift; path = Cart.swift; sourceTree = "<group>"; };
		4D1AC78E23970D55004D6FC6 /* StandardLevelTest.swift */ = {isa = PBXFileReference; lastKnownFileType = sourcecode.swift; path = StandardLevelTest.swift; sourceTree = "<group>"; };
		4D1AC79023971526004D6FC6 /* TrainingLevelTest.swift */ = {isa = PBXFileReference; lastKnownFileType = sourcecode.swift; path = TrainingLevelTest.swift; sourceTree = "<group>"; };
		4D1AC79223971D79004D6FC6 /* SpawnerTest.swift */ = {isa = PBXFileReference; lastKnownFileType = sourcecode.swift; path = SpawnerTest.swift; sourceTree = "<group>"; };
		4D1AC794239721A1004D6FC6 /* OncomerStepTest.swift */ = {isa = PBXFileReference; lastKnownFileType = sourcecode.swift; path = OncomerStepTest.swift; sourceTree = "<group>"; };
		4D1AC796239749BA004D6FC6 /* EffectTests.swift */ = {isa = PBXFileReference; lastKnownFileType = sourcecode.swift; path = EffectTests.swift; sourceTree = "<group>"; };
		4D1AC79823974A67004D6FC6 /* OncomerTest.swift */ = {isa = PBXFileReference; lastKnownFileType = sourcecode.swift; path = OncomerTest.swift; sourceTree = "<group>"; };
		4D3801C72371FBE80081D336 /* RiderTest.swift */ = {isa = PBXFileReference; lastKnownFileType = sourcecode.swift; path = RiderTest.swift; sourceTree = "<group>"; };
		4D3801C9237320FF0081D336 /* swoosh.mp3 */ = {isa = PBXFileReference; lastKnownFileType = audio.mp3; path = swoosh.mp3; sourceTree = "<group>"; };
		4D3801CD2373255C0081D336 /* tracks.mp3 */ = {isa = PBXFileReference; lastKnownFileType = audio.mp3; path = tracks.mp3; sourceTree = "<group>"; };
		4D70AEC523A1DF9C006102BD /* PressStart2P-Regular.ttf */ = {isa = PBXFileReference; lastKnownFileType = file; path = "PressStart2P-Regular.ttf"; sourceTree = "<group>"; };
		4D76EBD1239F314F00D1E98C /* Heart.swift */ = {isa = PBXFileReference; lastKnownFileType = sourcecode.swift; path = Heart.swift; sourceTree = "<group>"; };
		4D76EBD3239F396700D1E98C /* GainLifeEffect.swift */ = {isa = PBXFileReference; lastKnownFileType = sourcecode.swift; path = GainLifeEffect.swift; sourceTree = "<group>"; };
		4D76EBD523A1917C00D1E98C /* charge.wav */ = {isa = PBXFileReference; lastKnownFileType = audio.wav; path = charge.wav; sourceTree = "<group>"; };
		4D76EBD623A1917C00D1E98C /* shorter_electricity.mp3 */ = {isa = PBXFileReference; lastKnownFileType = audio.mp3; path = shorter_electricity.mp3; sourceTree = "<group>"; };
		4D76EBD923A1942300D1E98C /* gain-life.flac */ = {isa = PBXFileReference; lastKnownFileType = file; path = "gain-life.flac"; sourceTree = "<group>"; };
		4DAAF730239EB6C000507BA5 /* Battery.swift */ = {isa = PBXFileReference; lastKnownFileType = sourcecode.swift; path = Battery.swift; sourceTree = "<group>"; };
		4DAAF732239EBB3E00507BA5 /* electricity.mp3 */ = {isa = PBXFileReference; lastKnownFileType = audio.mp3; path = electricity.mp3; sourceTree = "<group>"; };
		4DAAF733239EBB3E00507BA5 /* charge.mp3 */ = {isa = PBXFileReference; lastKnownFileType = audio.mp3; path = charge.mp3; sourceTree = "<group>"; };
		4DAAF736239EEAA800507BA5 /* ChargeEffect.swift */ = {isa = PBXFileReference; lastKnownFileType = sourcecode.swift; path = ChargeEffect.swift; sourceTree = "<group>"; };
		4DB216FE2380E25300D4EDFC /* Oncomer.swift */ = {isa = PBXFileReference; lastKnownFileType = sourcecode.swift; path = Oncomer.swift; sourceTree = "<group>"; };
		4DB217002380E68000D4EDFC /* Spawner.swift */ = {isa = PBXFileReference; lastKnownFileType = sourcecode.swift; path = Spawner.swift; sourceTree = "<group>"; };
		4DB217032384753B00D4EDFC /* Level.swift */ = {isa = PBXFileReference; lastKnownFileType = sourcecode.swift; path = Level.swift; sourceTree = "<group>"; };
		4DB21705238478F900D4EDFC /* StandardLevel.swift */ = {isa = PBXFileReference; lastKnownFileType = sourcecode.swift; path = StandardLevel.swift; sourceTree = "<group>"; };
		4DB217082385C7D900D4EDFC /* Effect.swift */ = {isa = PBXFileReference; lastKnownFileType = sourcecode.swift; path = Effect.swift; sourceTree = "<group>"; };
		4DB2170A2385C87100D4EDFC /* SoundEffect.swift */ = {isa = PBXFileReference; lastKnownFileType = sourcecode.swift; path = SoundEffect.swift; sourceTree = "<group>"; };
		4DB2170C2386283A00D4EDFC /* KillOncomerEffect.swift */ = {isa = PBXFileReference; lastKnownFileType = sourcecode.swift; path = KillOncomerEffect.swift; sourceTree = "<group>"; };
		4DB2170E2386F97700D4EDFC /* LoseLifeEffect.swift */ = {isa = PBXFileReference; lastKnownFileType = sourcecode.swift; path = LoseLifeEffect.swift; sourceTree = "<group>"; };
		4DB2171023875D3100D4EDFC /* HideEffect.swift */ = {isa = PBXFileReference; lastKnownFileType = sourcecode.swift; path = HideEffect.swift; sourceTree = "<group>"; };
		4DB21712238B216900D4EDFC /* TrainingLevel.swift */ = {isa = PBXFileReference; lastKnownFileType = sourcecode.swift; path = TrainingLevel.swift; sourceTree = "<group>"; };
		4DB21714238B22B300D4EDFC /* TrainingStep.swift */ = {isa = PBXFileReference; lastKnownFileType = sourcecode.swift; path = TrainingStep.swift; sourceTree = "<group>"; };
		4DB21716238B31FD00D4EDFC /* MessageStep.swift */ = {isa = PBXFileReference; lastKnownFileType = sourcecode.swift; path = MessageStep.swift; sourceTree = "<group>"; };
		4DB2171A238B448700D4EDFC /* OncomerStep.swift */ = {isa = PBXFileReference; lastKnownFileType = sourcecode.swift; path = OncomerStep.swift; sourceTree = "<group>"; };
		4DCF0A592394A2AB000448E6 /* ScoreEffect.swift */ = {isa = PBXFileReference; fileEncoding = 4; lastKnownFileType = sourcecode.swift; path = ScoreEffect.swift; sourceTree = "<group>"; };
		4DE33440236E5DAC00A179DB /* singleFlap.mp3 */ = {isa = PBXFileReference; lastKnownFileType = audio.mp3; path = singleFlap.mp3; sourceTree = "<group>"; };
		4DE33442236F8A5000A179DB /* BatTest.swift */ = {isa = PBXFileReference; lastKnownFileType = sourcecode.swift; path = BatTest.swift; sourceTree = "<group>"; };
		4DE33446236F953700A179DB /* AudioManagerTest.swift */ = {isa = PBXFileReference; lastKnownFileType = sourcecode.swift; path = AudioManagerTest.swift; sourceTree = "<group>"; };
/* End PBXFileReference section */

/* Begin PBXFrameworksBuildPhase section */
		1E44879D236E29BB0080AA21 /* Frameworks */ = {
			isa = PBXFrameworksBuildPhase;
			buildActionMask = 2147483647;
			files = (
			);
			runOnlyForDeploymentPostprocessing = 0;
		};
		1E4487B7236E29BC0080AA21 /* Frameworks */ = {
			isa = PBXFrameworksBuildPhase;
			buildActionMask = 2147483647;
			files = (
			);
			runOnlyForDeploymentPostprocessing = 0;
		};
		1E4487C2236E29BC0080AA21 /* Frameworks */ = {
			isa = PBXFrameworksBuildPhase;
			buildActionMask = 2147483647;
			files = (
			);
			runOnlyForDeploymentPostprocessing = 0;
		};
/* End PBXFrameworksBuildPhase section */

/* Begin PBXGroup section */
		1E448797236E29BB0080AA21 = {
			isa = PBXGroup;
			children = (
				1E4487A2236E29BB0080AA21 /* ddr */,
				1E4487BD236E29BC0080AA21 /* ddrTests */,
				1E4487C8236E29BC0080AA21 /* ddrUITests */,
				1E4487A1236E29BB0080AA21 /* Products */,
			);
			sourceTree = "<group>";
		};
		1E4487A1236E29BB0080AA21 /* Products */ = {
			isa = PBXGroup;
			children = (
				1E4487A0236E29BB0080AA21 /* ddr.app */,
				1E4487BA236E29BC0080AA21 /* ddrTests.xctest */,
				1E4487C5236E29BC0080AA21 /* ddrUITests.xctest */,
			);
			name = Products;
			sourceTree = "<group>";
		};
		1E4487A2236E29BB0080AA21 /* ddr */ = {
			isa = PBXGroup;
			children = (
				4D70AEC423A1DF77006102BD /* Font */,
				1E4487FE236E2D880080AA21 /* Sounds */,
				1E4487E7236E2A8C0080AA21 /* Models */,
				1E4487A3236E29BB0080AA21 /* AppDelegate.swift */,
				1E4487FA236E2B530080AA21 /* StartGameScene.swift */,
				1E9CC9122374A6580015D6FC /* GameOverScene.swift */,
				1E4487A9236E29BB0080AA21 /* GameScene.swift */,
				1E4487AB236E29BB0080AA21 /* GameViewController.swift */,
				1E4487AD236E29BB0080AA21 /* Main.storyboard */,
				1E4487B0236E29BC0080AA21 /* Assets.xcassets */,
				1E4487B2236E29BC0080AA21 /* LaunchScreen.storyboard */,
				1E4487B5236E29BC0080AA21 /* Info.plist */,
			);
			path = ddr;
			sourceTree = "<group>";
		};
		1E4487BD236E29BC0080AA21 /* ddrTests */ = {
			isa = PBXGroup;
			children = (
				1E4487BE236E29BC0080AA21 /* ddrTests.swift */,
				1E4487C0236E29BC0080AA21 /* Info.plist */,
				4DE33442236F8A5000A179DB /* BatTest.swift */,
				4DE33446236F953700A179DB /* AudioManagerTest.swift */,
				4D3801C72371FBE80081D336 /* RiderTest.swift */,
				4D1AC78E23970D55004D6FC6 /* StandardLevelTest.swift */,
				4D1AC79023971526004D6FC6 /* TrainingLevelTest.swift */,
				4D1AC79223971D79004D6FC6 /* SpawnerTest.swift */,
				4D1AC794239721A1004D6FC6 /* OncomerStepTest.swift */,
				4D1AC796239749BA004D6FC6 /* EffectTests.swift */,
				4D1AC79823974A67004D6FC6 /* OncomerTest.swift */,
			);
			path = ddrTests;
			sourceTree = "<group>";
		};
		1E4487C8236E29BC0080AA21 /* ddrUITests */ = {
			isa = PBXGroup;
			children = (
				1E4487C9236E29BC0080AA21 /* ddrUITests.swift */,
				1E4487CB236E29BC0080AA21 /* Info.plist */,
			);
			path = ddrUITests;
			sourceTree = "<group>";
		};
		1E4487E7236E2A8C0080AA21 /* Models */ = {
			isa = PBXGroup;
			children = (
				1E91615F2394D36F00FCCE76 /* Data */,
				4DB217072385C7B000D4EDFC /* Effects */,
				4DB217022384751A00D4EDFC /* Leveling */,
				1E4487EB236E2A8C0080AA21 /* Audio */,
				1E4487E8236E2A8C0080AA21 /* GameEntities */,
			);
			path = Models;
			sourceTree = "<group>";
		};
		1E4487E8236E2A8C0080AA21 /* GameEntities */ = {
			isa = PBXGroup;
			children = (
				2C9A7F20237906AA00C01E6D /* background.swift */,
				1E4487E9236E2A8C0080AA21 /* Bat.swift */,
				1E4487EA236E2A8C0080AA21 /* Rider.swift */,
				1EDB4F9123A2E1CA0043C8D1 /* Stars.swift */,
				2CE73FD42389C5C9008EA915 /* Cart.swift */,
				1E2B5CC823898C68007D029C /* Flashlight.swift */,
				1E23DB89237A2C84008B8711 /* TutorialImage.swift */,
				4DB216FE2380E25300D4EDFC /* Oncomer.swift */,
				2C9C018F238C2F54006EF685 /* BatteryBar.swift */,
				4DAAF730239EB6C000507BA5 /* Battery.swift */,
				4D76EBD1239F314F00D1E98C /* Heart.swift */,
			);
			path = GameEntities;
			sourceTree = "<group>";
		};
		1E4487EB236E2A8C0080AA21 /* Audio */ = {
			isa = PBXGroup;
			children = (
				1E4487EC236E2A8C0080AA21 /* AudioManager.swift */,
				1E4487ED236E2A8C0080AA21 /* Emitter.swift */,
			);
			path = Audio;
			sourceTree = "<group>";
		};
		1E4487FE236E2D880080AA21 /* Sounds */ = {
			isa = PBXGroup;
			children = (
				4D76EBD923A1942300D1E98C /* gain-life.flac */,
				4D76EBD523A1917C00D1E98C /* charge.wav */,
				4D76EBD623A1917C00D1E98C /* shorter_electricity.mp3 */,
				4DAAF733239EBB3E00507BA5 /* charge.mp3 */,
				4DAAF732239EBB3E00507BA5 /* electricity.mp3 */,
				4D3801CD2373255C0081D336 /* tracks.mp3 */,
				4D3801C9237320FF0081D336 /* swoosh.mp3 */,
				4DE33440236E5DAC00A179DB /* singleFlap.mp3 */,
				1E4487FF236E2D880080AA21 /* beep.mp3 */,
				1E6435A92370DCBD00851B2A /* impact-kick.wav */,
			);
			path = Sounds;
			sourceTree = "<group>";
		};
		1E91615F2394D36F00FCCE76 /* Data */ = {
			isa = PBXGroup;
			children = (
				1E9161602394D38300FCCE76 /* PlayerData.swift */,
			);
			path = Data;
			sourceTree = "<group>";
		};
		4D70AEC423A1DF77006102BD /* Font */ = {
			isa = PBXGroup;
			children = (
				4D70AEC523A1DF9C006102BD /* PressStart2P-Regular.ttf */,
			);
			path = Font;
			sourceTree = "<group>";
		};
		4DB217022384751A00D4EDFC /* Leveling */ = {
			isa = PBXGroup;
			children = (
				4DB217002380E68000D4EDFC /* Spawner.swift */,
				4DB217032384753B00D4EDFC /* Level.swift */,
				4DB21705238478F900D4EDFC /* StandardLevel.swift */,
				4DB21712238B216900D4EDFC /* TrainingLevel.swift */,
				4DB21714238B22B300D4EDFC /* TrainingStep.swift */,
				4DB21716238B31FD00D4EDFC /* MessageStep.swift */,
				4DB2171A238B448700D4EDFC /* OncomerStep.swift */,
			);
			path = Leveling;
			sourceTree = "<group>";
		};
		4DB217072385C7B000D4EDFC /* Effects */ = {
			isa = PBXGroup;
			children = (
				4DB217082385C7D900D4EDFC /* Effect.swift */,
				4DB2171023875D3100D4EDFC /* HideEffect.swift */,
				4DB2170A2385C87100D4EDFC /* SoundEffect.swift */,
				4DB2170C2386283A00D4EDFC /* KillOncomerEffect.swift */,
				4DCF0A592394A2AB000448E6 /* ScoreEffect.swift */,
				4DB2170E2386F97700D4EDFC /* LoseLifeEffect.swift */,
				4DAAF736239EEAA800507BA5 /* ChargeEffect.swift */,
				4D76EBD3239F396700D1E98C /* GainLifeEffect.swift */,
			);
			path = Effects;
			sourceTree = "<group>";
		};
/* End PBXGroup section */

/* Begin PBXNativeTarget section */
		1E44879F236E29BB0080AA21 /* ddr */ = {
			isa = PBXNativeTarget;
			buildConfigurationList = 1E4487CE236E29BC0080AA21 /* Build configuration list for PBXNativeTarget "ddr" */;
			buildPhases = (
				1E44879C236E29BB0080AA21 /* Sources */,
				1E44879D236E29BB0080AA21 /* Frameworks */,
				1E44879E236E29BB0080AA21 /* Resources */,
			);
			buildRules = (
			);
			dependencies = (
			);
			name = ddr;
			productName = ddr;
			productReference = 1E4487A0236E29BB0080AA21 /* ddr.app */;
			productType = "com.apple.product-type.application";
		};
		1E4487B9236E29BC0080AA21 /* ddrTests */ = {
			isa = PBXNativeTarget;
			buildConfigurationList = 1E4487D1236E29BC0080AA21 /* Build configuration list for PBXNativeTarget "ddrTests" */;
			buildPhases = (
				1E4487B6236E29BC0080AA21 /* Sources */,
				1E4487B7236E29BC0080AA21 /* Frameworks */,
				1E4487B8236E29BC0080AA21 /* Resources */,
			);
			buildRules = (
			);
			dependencies = (
				1E4487BC236E29BC0080AA21 /* PBXTargetDependency */,
			);
			name = ddrTests;
			productName = ddrTests;
			productReference = 1E4487BA236E29BC0080AA21 /* ddrTests.xctest */;
			productType = "com.apple.product-type.bundle.unit-test";
		};
		1E4487C4236E29BC0080AA21 /* ddrUITests */ = {
			isa = PBXNativeTarget;
			buildConfigurationList = 1E4487D4236E29BC0080AA21 /* Build configuration list for PBXNativeTarget "ddrUITests" */;
			buildPhases = (
				1E4487C1236E29BC0080AA21 /* Sources */,
				1E4487C2236E29BC0080AA21 /* Frameworks */,
				1E4487C3236E29BC0080AA21 /* Resources */,
			);
			buildRules = (
			);
			dependencies = (
				1E4487C7236E29BC0080AA21 /* PBXTargetDependency */,
			);
			name = ddrUITests;
			productName = ddrUITests;
			productReference = 1E4487C5236E29BC0080AA21 /* ddrUITests.xctest */;
			productType = "com.apple.product-type.bundle.ui-testing";
		};
/* End PBXNativeTarget section */

/* Begin PBXProject section */
		1E448798236E29BB0080AA21 /* Project object */ = {
			isa = PBXProject;
			attributes = {
				LastSwiftUpdateCheck = 1110;
				LastUpgradeCheck = 1110;
				ORGANIZATIONNAME = the3amigos;
				TargetAttributes = {
					1E44879F236E29BB0080AA21 = {
						CreatedOnToolsVersion = 11.1;
					};
					1E4487B9236E29BC0080AA21 = {
						CreatedOnToolsVersion = 11.1;
						TestTargetID = 1E44879F236E29BB0080AA21;
					};
					1E4487C4236E29BC0080AA21 = {
						CreatedOnToolsVersion = 11.1;
						TestTargetID = 1E44879F236E29BB0080AA21;
					};
				};
			};
			buildConfigurationList = 1E44879B236E29BB0080AA21 /* Build configuration list for PBXProject "ddr" */;
			compatibilityVersion = "Xcode 9.3";
			developmentRegion = en;
			hasScannedForEncodings = 0;
			knownRegions = (
				en,
				Base,
			);
			mainGroup = 1E448797236E29BB0080AA21;
			productRefGroup = 1E4487A1236E29BB0080AA21 /* Products */;
			projectDirPath = "";
			projectRoot = "";
			targets = (
				1E44879F236E29BB0080AA21 /* ddr */,
				1E4487B9236E29BC0080AA21 /* ddrTests */,
				1E4487C4236E29BC0080AA21 /* ddrUITests */,
			);
		};
/* End PBXProject section */

/* Begin PBXResourcesBuildPhase section */
		1E44879E236E29BB0080AA21 /* Resources */ = {
			isa = PBXResourcesBuildPhase;
			buildActionMask = 2147483647;
			files = (
				4D76EBD723A1917D00D1E98C /* charge.wav in Resources */,
				4DAAF735239EBB3E00507BA5 /* charge.mp3 in Resources */,
				1E6435AA2370DCBD00851B2A /* impact-kick.wav in Resources */,
				4DAAF734239EBB3E00507BA5 /* electricity.mp3 in Resources */,
				1E4487AF236E29BB0080AA21 /* Main.storyboard in Resources */,
				4D3801CE2373255D0081D336 /* tracks.mp3 in Resources */,
				4DE3344A236F9A5000A179DB /* singleFlap.mp3 in Resources */,
				4D3801CA237320FF0081D336 /* swoosh.mp3 in Resources */,
				4D76EBD823A1917D00D1E98C /* shorter_electricity.mp3 in Resources */,
				1E448800236E2D880080AA21 /* beep.mp3 in Resources */,
				4D76EBDA23A1942300D1E98C /* gain-life.flac in Resources */,
				4D70AEC623A1DFB0006102BD /* PressStart2P-Regular.ttf in Resources */,
				1E4487B1236E29BC0080AA21 /* Assets.xcassets in Resources */,
				1E4487B4236E29BC0080AA21 /* LaunchScreen.storyboard in Resources */,
			);
			runOnlyForDeploymentPostprocessing = 0;
		};
		1E4487B8236E29BC0080AA21 /* Resources */ = {
			isa = PBXResourcesBuildPhase;
			buildActionMask = 2147483647;
			files = (
				1E448801236E2D880080AA21 /* beep.mp3 in Resources */,
			);
			runOnlyForDeploymentPostprocessing = 0;
		};
		1E4487C3236E29BC0080AA21 /* Resources */ = {
			isa = PBXResourcesBuildPhase;
			buildActionMask = 2147483647;
			files = (
				1E448802236E2D880080AA21 /* beep.mp3 in Resources */,
			);
			runOnlyForDeploymentPostprocessing = 0;
		};
/* End PBXResourcesBuildPhase section */

/* Begin PBXSourcesBuildPhase section */
		1E44879C236E29BB0080AA21 /* Sources */ = {
			isa = PBXSourcesBuildPhase;
			buildActionMask = 2147483647;
			files = (
				4DB217012380E68000D4EDFC /* Spawner.swift in Sources */,
				1E9CC9132374A6580015D6FC /* GameOverScene.swift in Sources */,
				1E4487F4236E2A8C0080AA21 /* AudioManager.swift in Sources */,
				2C9C0190238C2F54006EF685 /* BatteryBar.swift in Sources */,
				1E4487F7236E2A8C0080AA21 /* Emitter.swift in Sources */,
				1E4487AA236E29BB0080AA21 /* GameScene.swift in Sources */,
				1E9161612394D38300FCCE76 /* PlayerData.swift in Sources */,
				1E4487AC236E29BB0080AA21 /* GameViewController.swift in Sources */,
				4DAAF737239EEAA800507BA5 /* ChargeEffect.swift in Sources */,
				4DB21713238B216900D4EDFC /* TrainingLevel.swift in Sources */,
				4DB2171B238B448700D4EDFC /* OncomerStep.swift in Sources */,
				4DB21706238478F900D4EDFC /* StandardLevel.swift in Sources */,
				1E4487F1236E2A8C0080AA21 /* Rider.swift in Sources */,
				4D76EBD2239F314F00D1E98C /* Heart.swift in Sources */,
				4DB2170B2385C87100D4EDFC /* SoundEffect.swift in Sources */,
				1E4487FB236E2B530080AA21 /* StartGameScene.swift in Sources */,
				1E4487A4236E29BB0080AA21 /* AppDelegate.swift in Sources */,
				1EDB4F9223A2E1CA0043C8D1 /* Stars.swift in Sources */,
				4DAAF731239EB6C000507BA5 /* Battery.swift in Sources */,
				1E4487EE236E2A8C0080AA21 /* Bat.swift in Sources */,
				4DB21715238B22B300D4EDFC /* TrainingStep.swift in Sources */,
				2CE73FD52389C5C9008EA915 /* Cart.swift in Sources */,
				4DB217092385C7D900D4EDFC /* Effect.swift in Sources */,
				4DB217042384753B00D4EDFC /* Level.swift in Sources */,
				1E2B5CC923898C68007D029C /* Flashlight.swift in Sources */,
				4D76EBD4239F396700D1E98C /* GainLifeEffect.swift in Sources */,
				4DCF0A5A2394A2AB000448E6 /* ScoreEffect.swift in Sources */,
				1E23DB8A237A2C84008B8711 /* TutorialImage.swift in Sources */,
				4DB2170F2386F97700D4EDFC /* LoseLifeEffect.swift in Sources */,
				4DB2171123875D3100D4EDFC /* HideEffect.swift in Sources */,
				4DB216FF2380E25300D4EDFC /* Oncomer.swift in Sources */,
				4DB21717238B31FD00D4EDFC /* MessageStep.swift in Sources */,
				4DB2170D2386283A00D4EDFC /* KillOncomerEffect.swift in Sources */,
				2C9A7F21237906AA00C01E6D /* background.swift in Sources */,
			);
			runOnlyForDeploymentPostprocessing = 0;
		};
		1E4487B6236E29BC0080AA21 /* Sources */ = {
			isa = PBXSourcesBuildPhase;
			buildActionMask = 2147483647;
			files = (
				1E4487BF236E29BC0080AA21 /* ddrTests.swift in Sources */,
				4D1AC78F23970D55004D6FC6 /* StandardLevelTest.swift in Sources */,
				4D1AC797239749BA004D6FC6 /* EffectTests.swift in Sources */,
				4D1AC79323971D79004D6FC6 /* SpawnerTest.swift in Sources */,
				4D1AC79123971526004D6FC6 /* TrainingLevelTest.swift in Sources */,
				4D1AC79923974A67004D6FC6 /* OncomerTest.swift in Sources */,
				4DE33443236F8A5000A179DB /* BatTest.swift in Sources */,
				4DE33447236F953700A179DB /* AudioManagerTest.swift in Sources */,
				4D3801C82371FBE80081D336 /* RiderTest.swift in Sources */,
				4D1AC795239721A1004D6FC6 /* OncomerStepTest.swift in Sources */,
			);
			runOnlyForDeploymentPostprocessing = 0;
		};
		1E4487C1236E29BC0080AA21 /* Sources */ = {
			isa = PBXSourcesBuildPhase;
			buildActionMask = 2147483647;
			files = (
				1E4487CA236E29BC0080AA21 /* ddrUITests.swift in Sources */,
			);
			runOnlyForDeploymentPostprocessing = 0;
		};
/* End PBXSourcesBuildPhase section */

/* Begin PBXTargetDependency section */
		1E4487BC236E29BC0080AA21 /* PBXTargetDependency */ = {
			isa = PBXTargetDependency;
			target = 1E44879F236E29BB0080AA21 /* ddr */;
			targetProxy = 1E4487BB236E29BC0080AA21 /* PBXContainerItemProxy */;
		};
		1E4487C7236E29BC0080AA21 /* PBXTargetDependency */ = {
			isa = PBXTargetDependency;
			target = 1E44879F236E29BB0080AA21 /* ddr */;
			targetProxy = 1E4487C6236E29BC0080AA21 /* PBXContainerItemProxy */;
		};
/* End PBXTargetDependency section */

/* Begin PBXVariantGroup section */
		1E4487AD236E29BB0080AA21 /* Main.storyboard */ = {
			isa = PBXVariantGroup;
			children = (
				1E4487AE236E29BB0080AA21 /* Base */,
			);
			name = Main.storyboard;
			sourceTree = "<group>";
		};
		1E4487B2236E29BC0080AA21 /* LaunchScreen.storyboard */ = {
			isa = PBXVariantGroup;
			children = (
				1E4487B3236E29BC0080AA21 /* Base */,
			);
			name = LaunchScreen.storyboard;
			sourceTree = "<group>";
		};
/* End PBXVariantGroup section */

/* Begin XCBuildConfiguration section */
		1E4487CC236E29BC0080AA21 /* Debug */ = {
			isa = XCBuildConfiguration;
			buildSettings = {
				ALWAYS_SEARCH_USER_PATHS = NO;
				CLANG_ANALYZER_NONNULL = YES;
				CLANG_ANALYZER_NUMBER_OBJECT_CONVERSION = YES_AGGRESSIVE;
				CLANG_CXX_LANGUAGE_STANDARD = "gnu++14";
				CLANG_CXX_LIBRARY = "libc++";
				CLANG_ENABLE_MODULES = YES;
				CLANG_ENABLE_OBJC_ARC = YES;
				CLANG_ENABLE_OBJC_WEAK = YES;
				CLANG_WARN_BLOCK_CAPTURE_AUTORELEASING = YES;
				CLANG_WARN_BOOL_CONVERSION = YES;
				CLANG_WARN_COMMA = YES;
				CLANG_WARN_CONSTANT_CONVERSION = YES;
				CLANG_WARN_DEPRECATED_OBJC_IMPLEMENTATIONS = YES;
				CLANG_WARN_DIRECT_OBJC_ISA_USAGE = YES_ERROR;
				CLANG_WARN_DOCUMENTATION_COMMENTS = YES;
				CLANG_WARN_EMPTY_BODY = YES;
				CLANG_WARN_ENUM_CONVERSION = YES;
				CLANG_WARN_INFINITE_RECURSION = YES;
				CLANG_WARN_INT_CONVERSION = YES;
				CLANG_WARN_NON_LITERAL_NULL_CONVERSION = YES;
				CLANG_WARN_OBJC_IMPLICIT_RETAIN_SELF = YES;
				CLANG_WARN_OBJC_LITERAL_CONVERSION = YES;
				CLANG_WARN_OBJC_ROOT_CLASS = YES_ERROR;
				CLANG_WARN_RANGE_LOOP_ANALYSIS = YES;
				CLANG_WARN_STRICT_PROTOTYPES = YES;
				CLANG_WARN_SUSPICIOUS_MOVE = YES;
				CLANG_WARN_UNGUARDED_AVAILABILITY = YES_AGGRESSIVE;
				CLANG_WARN_UNREACHABLE_CODE = YES;
				CLANG_WARN__DUPLICATE_METHOD_MATCH = YES;
				COPY_PHASE_STRIP = NO;
				DEBUG_INFORMATION_FORMAT = dwarf;
				ENABLE_STRICT_OBJC_MSGSEND = YES;
				ENABLE_TESTABILITY = YES;
				GCC_C_LANGUAGE_STANDARD = gnu11;
				GCC_DYNAMIC_NO_PIC = NO;
				GCC_NO_COMMON_BLOCKS = YES;
				GCC_OPTIMIZATION_LEVEL = 0;
				GCC_PREPROCESSOR_DEFINITIONS = (
					"DEBUG=1",
					"$(inherited)",
				);
				GCC_WARN_64_TO_32_BIT_CONVERSION = YES;
				GCC_WARN_ABOUT_RETURN_TYPE = YES_ERROR;
				GCC_WARN_UNDECLARED_SELECTOR = YES;
				GCC_WARN_UNINITIALIZED_AUTOS = YES_AGGRESSIVE;
				GCC_WARN_UNUSED_FUNCTION = YES;
				GCC_WARN_UNUSED_VARIABLE = YES;
				IPHONEOS_DEPLOYMENT_TARGET = 13.1;
				MTL_ENABLE_DEBUG_INFO = INCLUDE_SOURCE;
				MTL_FAST_MATH = YES;
				ONLY_ACTIVE_ARCH = YES;
				SDKROOT = iphoneos;
				SWIFT_ACTIVE_COMPILATION_CONDITIONS = DEBUG;
				SWIFT_OPTIMIZATION_LEVEL = "-Onone";
			};
			name = Debug;
		};
		1E4487CD236E29BC0080AA21 /* Release */ = {
			isa = XCBuildConfiguration;
			buildSettings = {
				ALWAYS_SEARCH_USER_PATHS = NO;
				CLANG_ANALYZER_NONNULL = YES;
				CLANG_ANALYZER_NUMBER_OBJECT_CONVERSION = YES_AGGRESSIVE;
				CLANG_CXX_LANGUAGE_STANDARD = "gnu++14";
				CLANG_CXX_LIBRARY = "libc++";
				CLANG_ENABLE_MODULES = YES;
				CLANG_ENABLE_OBJC_ARC = YES;
				CLANG_ENABLE_OBJC_WEAK = YES;
				CLANG_WARN_BLOCK_CAPTURE_AUTORELEASING = YES;
				CLANG_WARN_BOOL_CONVERSION = YES;
				CLANG_WARN_COMMA = YES;
				CLANG_WARN_CONSTANT_CONVERSION = YES;
				CLANG_WARN_DEPRECATED_OBJC_IMPLEMENTATIONS = YES;
				CLANG_WARN_DIRECT_OBJC_ISA_USAGE = YES_ERROR;
				CLANG_WARN_DOCUMENTATION_COMMENTS = YES;
				CLANG_WARN_EMPTY_BODY = YES;
				CLANG_WARN_ENUM_CONVERSION = YES;
				CLANG_WARN_INFINITE_RECURSION = YES;
				CLANG_WARN_INT_CONVERSION = YES;
				CLANG_WARN_NON_LITERAL_NULL_CONVERSION = YES;
				CLANG_WARN_OBJC_IMPLICIT_RETAIN_SELF = YES;
				CLANG_WARN_OBJC_LITERAL_CONVERSION = YES;
				CLANG_WARN_OBJC_ROOT_CLASS = YES_ERROR;
				CLANG_WARN_RANGE_LOOP_ANALYSIS = YES;
				CLANG_WARN_STRICT_PROTOTYPES = YES;
				CLANG_WARN_SUSPICIOUS_MOVE = YES;
				CLANG_WARN_UNGUARDED_AVAILABILITY = YES_AGGRESSIVE;
				CLANG_WARN_UNREACHABLE_CODE = YES;
				CLANG_WARN__DUPLICATE_METHOD_MATCH = YES;
				COPY_PHASE_STRIP = NO;
				DEBUG_INFORMATION_FORMAT = "dwarf-with-dsym";
				ENABLE_NS_ASSERTIONS = NO;
				ENABLE_STRICT_OBJC_MSGSEND = YES;
				GCC_C_LANGUAGE_STANDARD = gnu11;
				GCC_NO_COMMON_BLOCKS = YES;
				GCC_WARN_64_TO_32_BIT_CONVERSION = YES;
				GCC_WARN_ABOUT_RETURN_TYPE = YES_ERROR;
				GCC_WARN_UNDECLARED_SELECTOR = YES;
				GCC_WARN_UNINITIALIZED_AUTOS = YES_AGGRESSIVE;
				GCC_WARN_UNUSED_FUNCTION = YES;
				GCC_WARN_UNUSED_VARIABLE = YES;
				IPHONEOS_DEPLOYMENT_TARGET = 13.1;
				MTL_ENABLE_DEBUG_INFO = NO;
				MTL_FAST_MATH = YES;
				SDKROOT = iphoneos;
				SWIFT_COMPILATION_MODE = wholemodule;
				SWIFT_OPTIMIZATION_LEVEL = "-O";
				VALIDATE_PRODUCT = YES;
			};
			name = Release;
		};
		1E4487CF236E29BC0080AA21 /* Debug */ = {
			isa = XCBuildConfiguration;
			buildSettings = {
				ASSETCATALOG_COMPILER_APPICON_NAME = AppIcon;
				CODE_SIGN_IDENTITY = "Apple Development";
				CODE_SIGN_STYLE = Automatic;
				DEVELOPMENT_TEAM = 753255PBHL;
				INFOPLIST_FILE = ddr/Info.plist;
				LD_RUNPATH_SEARCH_PATHS = (
					"$(inherited)",
					"@executable_path/Frameworks",
				);
				PRODUCT_BUNDLE_IDENTIFIER = "three-amigos.ddr";
				PRODUCT_NAME = "$(TARGET_NAME)";
				PROVISIONING_PROFILE_SPECIFIER = "";
				SWIFT_VERSION = 5.0;
				TARGETED_DEVICE_FAMILY = "1,2";
			};
			name = Debug;
		};
		1E4487D0236E29BC0080AA21 /* Release */ = {
			isa = XCBuildConfiguration;
			buildSettings = {
				ASSETCATALOG_COMPILER_APPICON_NAME = AppIcon;
				CODE_SIGN_IDENTITY = "Apple Development";
				CODE_SIGN_STYLE = Automatic;
				DEVELOPMENT_TEAM = 753255PBHL;
				INFOPLIST_FILE = ddr/Info.plist;
				LD_RUNPATH_SEARCH_PATHS = (
					"$(inherited)",
					"@executable_path/Frameworks",
				);
				PRODUCT_BUNDLE_IDENTIFIER = "three-amigos.ddr";
				PRODUCT_NAME = "$(TARGET_NAME)";
				PROVISIONING_PROFILE_SPECIFIER = "";
				SWIFT_VERSION = 5.0;
				TARGETED_DEVICE_FAMILY = "1,2";
			};
			name = Release;
		};
		1E4487D2236E29BC0080AA21 /* Debug */ = {
			isa = XCBuildConfiguration;
			buildSettings = {
				ALWAYS_EMBED_SWIFT_STANDARD_LIBRARIES = YES;
				BUNDLE_LOADER = "$(TEST_HOST)";
				CODE_SIGN_STYLE = Automatic;
				DEVELOPMENT_TEAM = 753255PBHL;
				INFOPLIST_FILE = ddrTests/Info.plist;
				IPHONEOS_DEPLOYMENT_TARGET = 13.1;
				LD_RUNPATH_SEARCH_PATHS = (
					"$(inherited)",
					"@executable_path/Frameworks",
					"@loader_path/Frameworks",
				);
				PRODUCT_BUNDLE_IDENTIFIER = "three-amigos.ddrTests";
				PRODUCT_NAME = "$(TARGET_NAME)";
				SWIFT_VERSION = 5.0;
				TARGETED_DEVICE_FAMILY = "1,2";
				TEST_HOST = "$(BUILT_PRODUCTS_DIR)/ddr.app/ddr";
			};
			name = Debug;
		};
		1E4487D3236E29BC0080AA21 /* Release */ = {
			isa = XCBuildConfiguration;
			buildSettings = {
				ALWAYS_EMBED_SWIFT_STANDARD_LIBRARIES = YES;
				BUNDLE_LOADER = "$(TEST_HOST)";
				CODE_SIGN_STYLE = Automatic;
				DEVELOPMENT_TEAM = 753255PBHL;
				INFOPLIST_FILE = ddrTests/Info.plist;
				IPHONEOS_DEPLOYMENT_TARGET = 13.1;
				LD_RUNPATH_SEARCH_PATHS = (
					"$(inherited)",
					"@executable_path/Frameworks",
					"@loader_path/Frameworks",
				);
				PRODUCT_BUNDLE_IDENTIFIER = "three-amigos.ddrTests";
				PRODUCT_NAME = "$(TARGET_NAME)";
				SWIFT_VERSION = 5.0;
				TARGETED_DEVICE_FAMILY = "1,2";
				TEST_HOST = "$(BUILT_PRODUCTS_DIR)/ddr.app/ddr";
			};
			name = Release;
		};
		1E4487D5236E29BC0080AA21 /* Debug */ = {
			isa = XCBuildConfiguration;
			buildSettings = {
				ALWAYS_EMBED_SWIFT_STANDARD_LIBRARIES = YES;
				CODE_SIGN_STYLE = Automatic;
				DEVELOPMENT_TEAM = 753255PBHL;
				INFOPLIST_FILE = ddrUITests/Info.plist;
				LD_RUNPATH_SEARCH_PATHS = (
					"$(inherited)",
					"@executable_path/Frameworks",
					"@loader_path/Frameworks",
				);
				PRODUCT_BUNDLE_IDENTIFIER = "three-amigos.ddrUITests";
				PRODUCT_NAME = "$(TARGET_NAME)";
				SWIFT_VERSION = 5.0;
				TARGETED_DEVICE_FAMILY = "1,2";
				TEST_TARGET_NAME = ddr;
			};
			name = Debug;
		};
		1E4487D6236E29BC0080AA21 /* Release */ = {
			isa = XCBuildConfiguration;
			buildSettings = {
				ALWAYS_EMBED_SWIFT_STANDARD_LIBRARIES = YES;
				CODE_SIGN_STYLE = Automatic;
				DEVELOPMENT_TEAM = 753255PBHL;
				INFOPLIST_FILE = ddrUITests/Info.plist;
				LD_RUNPATH_SEARCH_PATHS = (
					"$(inherited)",
					"@executable_path/Frameworks",
					"@loader_path/Frameworks",
				);
				PRODUCT_BUNDLE_IDENTIFIER = "three-amigos.ddrUITests";
				PRODUCT_NAME = "$(TARGET_NAME)";
				SWIFT_VERSION = 5.0;
				TARGETED_DEVICE_FAMILY = "1,2";
				TEST_TARGET_NAME = ddr;
			};
			name = Release;
		};
/* End XCBuildConfiguration section */

/* Begin XCConfigurationList section */
		1E44879B236E29BB0080AA21 /* Build configuration list for PBXProject "ddr" */ = {
			isa = XCConfigurationList;
			buildConfigurations = (
				1E4487CC236E29BC0080AA21 /* Debug */,
				1E4487CD236E29BC0080AA21 /* Release */,
			);
			defaultConfigurationIsVisible = 0;
			defaultConfigurationName = Release;
		};
		1E4487CE236E29BC0080AA21 /* Build configuration list for PBXNativeTarget "ddr" */ = {
			isa = XCConfigurationList;
			buildConfigurations = (
				1E4487CF236E29BC0080AA21 /* Debug */,
				1E4487D0236E29BC0080AA21 /* Release */,
			);
			defaultConfigurationIsVisible = 0;
			defaultConfigurationName = Release;
		};
		1E4487D1236E29BC0080AA21 /* Build configuration list for PBXNativeTarget "ddrTests" */ = {
			isa = XCConfigurationList;
			buildConfigurations = (
				1E4487D2236E29BC0080AA21 /* Debug */,
				1E4487D3236E29BC0080AA21 /* Release */,
			);
			defaultConfigurationIsVisible = 0;
			defaultConfigurationName = Release;
		};
		1E4487D4236E29BC0080AA21 /* Build configuration list for PBXNativeTarget "ddrUITests" */ = {
			isa = XCConfigurationList;
			buildConfigurations = (
				1E4487D5236E29BC0080AA21 /* Debug */,
				1E4487D6236E29BC0080AA21 /* Release */,
			);
			defaultConfigurationIsVisible = 0;
			defaultConfigurationName = Release;
		};
/* End XCConfigurationList section */
	};
	rootObject = 1E448798236E29BB0080AA21 /* Project object */;
}
